
Microsoft Visual Studio Solution File, Format Version 12.00
# Visual Studio Version 17
VisualStudioVersion = 17.12.35707.178
MinimumVisualStudioVersion = 10.0.40219.1
Project("{FAE04EC0-301F-11D3-BF4B-00C04F79EFBC}") = "Tinthanh.Data", "Tinthanh.data\Tinthanh.Data.csproj", "{C97731B7-5525-4549-97F6-ECC66ACA1CA6}"
EndProject
Project("{FAE04EC0-301F-11D3-BF4B-00C04F79EFBC}") = "Tinthanh.App", "Tinthanh.App\Tinthanh.App.csproj", "{05AF39C6-C7FF-42E4-8218-6521D2E10405}"
EndProject
Project("{FAE04EC0-301F-11D3-BF4B-00C04F79EFBC}") = "Tinthanh.ViewModel", "Tinthanh.ViewModel\Tinthanh.ViewModel.csproj", "{4DC6B6B3-576E-49DF-B934-8FAED17AB439}"
EndProject
Global
	GlobalSection(SolutionConfigurationPlatforms) = preSolution
		Debug|Any CPU = Debug|Any CPU
		Release|Any CPU = Release|Any CPU
	EndGlobalSection
	GlobalSection(ProjectConfigurationPlatforms) = postSolution
		{C97731B7-5525-4549-97F6-ECC66ACA1CA6}.Debug|Any CPU.ActiveCfg = Debug|Any CPU
		{C97731B7-5525-4549-97F6-ECC66ACA1CA6}.Debug|Any CPU.Build.0 = Debug|Any CPU
		{C97731B7-5525-4549-97F6-ECC66ACA1CA6}.Release|Any CPU.ActiveCfg = Release|Any CPU
		{C97731B7-5525-4549-97F6-ECC66ACA1CA6}.Release|Any CPU.Build.0 = Release|Any CPU
		{05AF39C6-C7FF-42E4-8218-6521D2E10405}.Debug|Any CPU.ActiveCfg = Debug|Any CPU
		{05AF39C6-C7FF-42E4-8218-6521D2E10405}.Debug|Any CPU.Build.0 = Debug|Any CPU
		{05AF39C6-C7FF-42E4-8218-6521D2E10405}.Release|Any CPU.ActiveCfg = Release|Any CPU
		{05AF39C6-C7FF-42E4-8218-6521D2E10405}.Release|Any CPU.Build.0 = Release|Any CPU
		{4DC6B6B3-576E-49DF-B934-8FAED17AB439}.Debug|Any CPU.ActiveCfg = Debug|Any CPU
		{4DC6B6B3-576E-49DF-B934-8FAED17AB439}.Debug|Any CPU.Build.0 = Debug|Any CPU
		{4DC6B6B3-576E-49DF-B934-8FAED17AB439}.Release|Any CPU.ActiveCfg = Release|Any CPU
		{4DC6B6B3-576E-49DF-B934-8FAED17AB439}.Release|Any CPU.Build.0 = Release|Any CPU
	EndGlobalSection
	GlobalSection(SolutionProperties) = preSolution
		HideSolutionNode = FALSE
	EndGlobalSection
EndGlobal
